{
  "name": "DHIS-main",
  "lockfileVersion": 3,
  "requires": true,
  "packages": {
    "": {
      "dependencies": {
        "framer-motion": "^12.23.12",
        "react-simple-typewriter": "^5.0.1",
        "react-tsparticles": "^2.12.2",
        "react-typed": "^2.0.12",
        "tsparticles": "^3.9.1"
      }
    },
    "node_modules/@tsparticles/basic": {
      "version": "3.9.1",
      "resolved": "https://registry.npmjs.org/@tsparticles/basic/-/basic-3.9.1.tgz",
      "integrity": "sha512-ijr2dHMx0IQHqhKW3qA8tfwrR2XYbbWYdaJMQuBo2CkwBVIhZ76U+H20Y492j/NXpd1FUnt2aC0l4CEVGVGdeQ==",
      "funding": [
        {
          "type": "github",
          "url": "https://github.com/sponsors/matteobruni"
        },
        {
          "type": "github",
          "url": "https://github.com/sponsors/tsparticles"
        },
        {
          "type": "buymeacoffee",
          "url": "https://www.buymeacoffee.com/matteobruni"
        }
      ],
      "dependencies": {
        "@tsparticles/engine": "3.9.1",
        "@tsparticles/move-base": "3.9.1",
        "@tsparticles/plugin-hex-color": "3.9.1",
        "@tsparticles/plugin-hsl-color": "3.9.1",
        "@tsparticles/plugin-rgb-color": "3.9.1",
        "@tsparticles/shape-circle": "3.9.1",
        "@tsparticles/updater-color": "3.9.1",
        "@tsparticles/updater-opacity": "3.9.1",
        "@tsparticles/updater-out-modes": "3.9.1",
        "@tsparticles/updater-size": "3.9.1"
      }
    },
    "node_modules/@tsparticles/engine": {
      "version": "3.9.1",
      "resolved": "https://registry.npmjs.org/@tsparticles/engine/-/engine-3.9.1.tgz",
      "integrity": "sha512-DpdgAhWMZ3Eh2gyxik8FXS6BKZ8vyea+Eu5BC4epsahqTGY9V3JGGJcXC6lRJx6cPMAx1A0FaQAojPF3v6rkmQ==",
      "funding": [
        {
          "type": "github",
          "url": "https://github.com/sponsors/matteobruni"
        },
        {
          "type": "github",
          "url": "https://github.com/sponsors/tsparticles"
        },
        {
          "type": "buymeacoffee",
          "url": "https://www.buymeacoffee.com/matteobruni"
        }
      ],
      "hasInstallScript": true
    },
    "node_modules/@tsparticles/interaction-external-attract": {
      "version": "3.9.1",
      "resolved": "https://registry.npmjs.org/@tsparticles/interaction-external-attract/-/interaction-external-attract-3.9.1.tgz",
      "integrity": "sha512-5AJGmhzM9o4AVFV24WH5vSqMBzOXEOzIdGLIr+QJf4fRh9ZK62snsusv/ozKgs2KteRYQx+L7c5V3TqcDy2upg==",
      "dependencies": {
        "@tsparticles/engine": "3.9.1"
      }
    },
    "node_modules/@tsparticles/interaction-external-bounce": {
      "version": "3.9.1",
      "resolved": "https://registry.npmjs.org/@tsparticles/interaction-external-bounce/-/interaction-external-bounce-3.9.1.tgz",
      "integrity": "sha512-bv05+h70UIHOTWeTsTI1AeAmX6R3s8nnY74Ea6p6AbQjERzPYIa0XY19nq/hA7+Nrg+EissP5zgoYYeSphr85A==",
      "dependencies": {
        "@tsparticles/engine": "3.9.1"
      }
    },
    "node_modules/@tsparticles/interaction-external-bubble": {
      "version": "3.9.1",
      "resolved": "https://registry.npmjs.org/@tsparticles/interaction-external-bubble/-/interaction-external-bubble-3.9.1.tgz",
      "integrity": "sha512-tbd8ox/1GPl+zr+KyHQVV1bW88GE7OM6i4zql801YIlCDrl9wgTDdDFGIy9X7/cwTvTrCePhrfvdkUamXIribQ==",
      "dependencies": {
        "@tsparticles/engine": "3.9.1"
      }
    },
    "node_modules/@tsparticles/interaction-external-connect": {
      "version": "3.9.1",
      "resolved": "https://registry.npmjs.org/@tsparticles/interaction-external-connect/-/interaction-external-connect-3.9.1.tgz",
      "integrity": "sha512-sq8YfUNsIORjXHzzW7/AJQtfi/qDqLnYG2qOSE1WOsog39MD30RzmiOloejOkfNeUdcGUcfsDgpUuL3UhzFUOA==",
      "dependencies": {
        "@tsparticles/engine": "3.9.1"
      }
    },
    "node_modules/@tsparticles/interaction-external-grab": {
      "version": "3.9.1",
      "resolved": "https://registry.npmjs.org/@tsparticles/interaction-external-grab/-/interaction-external-grab-3.9.1.tgz",
      "integrity": "sha512-QwXza+sMMWDaMiFxd8y2tJwUK6c+nNw554+/9+tEZeTTk2fCbB0IJ7p/TH6ZGWDL0vo2muK54Njv2fEey191ow==",
      "dependencies": {
        "@tsparticles/engine": "3.9.1"
      }
    },
    "node_modules/@tsparticles/interaction-external-pause": {
      "version": "3.9.1",
      "resolved": "https://registry.npmjs.org/@tsparticles/interaction-external-pause/-/interaction-external-pause-3.9.1.tgz",
      "integrity": "sha512-Gzv4/FeNir0U/tVM9zQCqV1k+IAgaFjDU3T30M1AeAsNGh/rCITV2wnT7TOGFkbcla27m4Yxa+Fuab8+8pzm+g==",
      "dependencies": {
        "@tsparticles/engine": "3.9.1"
      }
    },
    "node_modules/@tsparticles/interaction-external-push": {
      "version": "3.9.1",
      "resolved": "https://registry.npmjs.org/@tsparticles/interaction-external-push/-/interaction-external-push-3.9.1.tgz",
      "integrity": "sha512-GvnWF9Qy4YkZdx+WJL2iy9IcgLvzOIu3K7aLYJFsQPaxT8d9TF8WlpoMlWKnJID6H5q4JqQuMRKRyWH8aAKyQw==",
      "dependencies": {
        "@tsparticles/engine": "3.9.1"
      }
    },
    "node_modules/@tsparticles/interaction-external-remove": {
      "version": "3.9.1",
      "resolved": "https://registry.npmjs.org/@tsparticles/interaction-external-remove/-/interaction-external-remove-3.9.1.tgz",
      "integrity": "sha512-yPThm4UDWejDOWW5Qc8KnnS2EfSo5VFcJUQDWc1+Wcj17xe7vdSoiwwOORM0PmNBzdDpSKQrte/gUnoqaUMwOA==",
      "dependencies": {
        "@tsparticles/engine": "3.9.1"
      }
    },
    "node_modules/@tsparticles/interaction-external-repulse": {
      "version": "3.9.1",
      "resolved": "https://registry.npmjs.org/@tsparticles/interaction-external-repulse/-/interaction-external-repulse-3.9.1.tgz",
      "integrity": "sha512-/LBppXkrMdvLHlEKWC7IykFhzrz+9nebT2fwSSFXK4plEBxDlIwnkDxd3FbVOAbnBvx4+L8+fbrEx+RvC8diAw==",
      "dependencies": {
        "@tsparticles/engine": "3.9.1"
      }
    },
    "node_modules/@tsparticles/interaction-external-slow": {
      "version": "3.9.1",
      "resolved": "https://registry.npmjs.org/@tsparticles/interaction-external-slow/-/interaction-external-slow-3.9.1.tgz",
      "integrity": "sha512-1ZYIR/udBwA9MdSCfgADsbDXKSFS0FMWuPWz7bm79g3sUxcYkihn+/hDhc6GXvNNR46V1ocJjrj0u6pAynS1KQ==",
      "dependencies": {
        "@tsparticles/engine": "3.9.1"
      }
    },
    "node_modules/@tsparticles/interaction-external-trail": {
      "version": "3.9.1",
      "resolved": "https://registry.npmjs.org/@tsparticles/interaction-external-trail/-/interaction-external-trail-3.9.1.tgz",
      "integrity": "sha512-Au0v2oiqfKTemI/4bzjD4dUXzIngB5Q2T4nJcMCYpP24uZfwZh5xTjUMH7gyJyyaRTdMl9IJrp8ySjyYbLfeGg==",
      "dependencies": {
        "@tsparticles/engine": "3.9.1"
      }
    },
    "node_modules/@tsparticles/interaction-particles-attract": {
      "version": "3.9.1",
      "resolved": "https://registry.npmjs.org/@tsparticles/interaction-particles-attract/-/interaction-particles-attract-3.9.1.tgz",
      "integrity": "sha512-CYYYowJuGwRLUixQcSU/48PTKM8fCUYThe0hXwQ+yRMLAn053VHzL7NNZzKqEIeEyt5oJoy9KcvubjKWbzMBLQ==",
      "dependencies": {
        "@tsparticles/engine": "3.9.1"
      }
    },
    "node_modules/@tsparticles/interaction-particles-collisions": {
      "version": "3.9.1",
      "resolved": "https://registry.npmjs.org/@tsparticles/interaction-particles-collisions/-/interaction-particles-collisions-3.9.1.tgz",
      "integrity": "sha512-ggGyjW/3v1yxvYW1IF1EMT15M6w31y5zfNNUPkqd/IXRNPYvm0Z0ayhp+FKmz70M5p0UxxPIQHTvAv9Jqnuj8w==",
      "dependencies": {
        "@tsparticles/engine": "3.9.1"
      }
    },
    "node_modules/@tsparticles/interaction-particles-links": {
      "version": "3.9.1",
      "resolved": "https://registry.npmjs.org/@tsparticles/interaction-particles-links/-/interaction-particles-links-3.9.1.tgz",
      "integrity": "sha512-MsLbMjy1vY5M5/hu/oa5OSRZAUz49H3+9EBMTIOThiX+a+vpl3sxc9AqNd9gMsPbM4WJlub8T6VBZdyvzez1Vg==",
      "dependencies": {
        "@tsparticles/engine": "3.9.1"
      }
    },
    "node_modules/@tsparticles/move-base": {
      "version": "3.9.1",
      "resolved": "https://registry.npmjs.org/@tsparticles/move-base/-/move-base-3.9.1.tgz",
      "integrity": "sha512-X4huBS27d8srpxwOxliWPUt+NtCwY+8q/cx1DvQxyqmTA8VFCGpcHNwtqiN+9JicgzOvSuaORVqUgwlsc7h4pQ==",
      "dependencies": {
        "@tsparticles/engine": "3.9.1"
      }
    },
    "node_modules/@tsparticles/move-parallax": {
      "version": "3.9.1",
      "resolved": "https://registry.npmjs.org/@tsparticles/move-parallax/-/move-parallax-3.9.1.tgz",
      "integrity": "sha512-whlOR0bVeyh6J/hvxf/QM3DqvNnITMiAQ0kro6saqSDItAVqg4pYxBfEsSOKq7EhjxNvfhhqR+pFMhp06zoCVA==",
      "dependencies": {
        "@tsparticles/engine": "3.9.1"
      }
    },
    "node_modules/@tsparticles/plugin-absorbers": {
      "version": "3.9.1",
      "resolved": "https://registry.npmjs.org/@tsparticles/plugin-absorbers/-/plugin-absorbers-3.9.1.tgz",
      "integrity": "sha512-q9SQllpbPPgw1+euxHPYCFawOVUazQkkwnleiIgpYSiimlCyjIdwGnFPSNe1Sypzqmr2h6oOyX2vkK5ZVNEu8A==",
      "dependencies": {
        "@tsparticles/engine": "3.9.1"
      }
    },
    "node_modules/@tsparticles/plugin-easing-quad": {
      "version": "3.9.1",
      "resolved": "https://registry.npmjs.org/@tsparticles/plugin-easing-quad/-/plugin-easing-quad-3.9.1.tgz",
      "integrity": "sha512-C2UJOca5MTDXKUTBXj30Kiqr5UyID+xrY/LxicVWWZPczQW2bBxbIbfq9ULvzGDwBTxE2rdvIB8YFKmDYO45qw==",
      "funding": [
        {
          "type": "github",
          "url": "https://github.com/sponsors/matteobruni"
        },
        {
          "type": "github",
          "url": "https://github.com/sponsors/tsparticles"
        },
        {
          "type": "buymeacoffee",
          "url": "https://www.buymeacoffee.com/matteobruni"
        }
      ],
      "dependencies": {
        "@tsparticles/engine": "3.9.1"
      }
    },
    "node_modules/@tsparticles/plugin-emitters": {
      "version": "3.9.1",
      "resolved": "https://registry.npmjs.org/@tsparticles/plugin-emitters/-/plugin-emitters-3.9.1.tgz",
      "integrity": "sha512-h7opR8SoFWBmVHceDLJUerLENaPfkJSh2zQYvzmLj2L+V3VLS1QDgty+4QZVeZfqNROmgQw2eLFA5El1E0sqqw==",
      "dependencies": {
        "@tsparticles/engine": "3.9.1"
      }
    },
    "node_modules/@tsparticles/plugin-emitters-shape-circle": {
      "version": "3.9.1",
      "resolved": "https://registry.npmjs.org/@tsparticles/plugin-emitters-shape-circle/-/plugin-emitters-shape-circle-3.9.1.tgz",
      "integrity": "sha512-z+9MsAPWr++sNz6N6303rRDjusW0BIPhHY51E5eXGDcRdOqrESDs6y99AJ/6Kdb/PpibCIYjFY9jVi2JJADPRA==",
      "funding": [
        {
          "type": "github",
          "url": "https://github.com/sponsors/matteobruni"
        },
        {
          "type": "github",
          "url": "https://github.com/sponsors/tsparticles"
        },
        {
          "type": "buymeacoffee",
          "url": "https://www.buymeacoffee.com/matteobruni"
        }
      ],
      "dependencies": {
        "@tsparticles/engine": "3.9.1",
        "@tsparticles/plugin-emitters": "3.9.1"
      }
    },
    "node_modules/@tsparticles/plugin-emitters-shape-square": {
      "version": "3.9.1",
      "resolved": "https://registry.npmjs.org/@tsparticles/plugin-emitters-shape-square/-/plugin-emitters-shape-square-3.9.1.tgz",
      "integrity": "sha512-dhA1c7FKs19B8lgTf25OTA3JoptNA+rjorsqCFuY1BZDI8g9E8DNqikUge14/W7nZN96+98hY+ghxSl4K2YsgA==",
      "funding": [
        {
          "type": "github",
          "url": "https://github.com/sponsors/matteobruni"
        },
        {
          "type": "github",
          "url": "https://github.com/sponsors/tsparticles"
        },
        {
          "type": "buymeacoffee",
          "url": "https://www.buymeacoffee.com/matteobruni"
        }
      ],
      "dependencies": {
        "@tsparticles/engine": "3.9.1",
        "@tsparticles/plugin-emitters": "3.9.1"
      }
    },
    "node_modules/@tsparticles/plugin-hex-color": {
      "version": "3.9.1",
      "resolved": "https://registry.npmjs.org/@tsparticles/plugin-hex-color/-/plugin-hex-color-3.9.1.tgz",
      "integrity": "sha512-vZgZ12AjUicJvk7AX4K2eAmKEQX/D1VEjEPFhyjbgI7A65eX72M465vVKIgNA6QArLZ1DLs7Z787LOE6GOBWsg==",
      "funding": [
        {
          "type": "github",
          "url": "https://github.com/sponsors/matteobruni"
        },
        {
          "type": "github",
          "url": "https://github.com/sponsors/tsparticles"
        },
        {
          "type": "buymeacoffee",
          "url": "https://www.buymeacoffee.com/matteobruni"
        }
      ],
      "dependencies": {
        "@tsparticles/engine": "3.9.1"
      }
    },
    "node_modules/@tsparticles/plugin-hsl-color": {
      "version": "3.9.1",
      "resolved": "https://registry.npmjs.org/@tsparticles/plugin-hsl-color/-/plugin-hsl-color-3.9.1.tgz",
      "integrity": "sha512-jJd1iGgRwX6eeNjc1zUXiJivaqC5UE+SC2A3/NtHwwoQrkfxGWmRHOsVyLnOBRcCPgBp/FpdDe6DIDjCMO715w==",
      "funding": [
        {
          "type": "github",
          "url": "https://github.com/sponsors/matteobruni"
        },
        {
          "type": "github",
          "url": "https://github.com/sponsors/tsparticles"
        },
        {
          "type": "buymeacoffee",
          "url": "https://www.buymeacoffee.com/matteobruni"
        }
      ],
      "dependencies": {
        "@tsparticles/engine": "3.9.1"
      }
    },
    "node_modules/@tsparticles/plugin-rgb-color": {
      "version": "3.9.1",
      "resolved": "https://registry.npmjs.org/@tsparticles/plugin-rgb-color/-/plugin-rgb-color-3.9.1.tgz",
      "integrity": "sha512-SBxk7f1KBfXeTnnklbE2Hx4jBgh6I6HOtxb+Os1gTp0oaghZOkWcCD2dP4QbUu7fVNCMOcApPoMNC8RTFcy9wQ==",
      "funding": [
        {
          "type": "github",
          "url": "https://github.com/sponsors/matteobruni"
        },
        {
          "type": "github",
          "url": "https://github.com/sponsors/tsparticles"
        },
        {
          "type": "buymeacoffee",
          "url": "https://www.buymeacoffee.com/matteobruni"
        }
      ],
      "dependencies": {
        "@tsparticles/engine": "3.9.1"
      }
    },
    "node_modules/@tsparticles/shape-circle": {
      "version": "3.9.1",
      "resolved": "https://registry.npmjs.org/@tsparticles/shape-circle/-/shape-circle-3.9.1.tgz",
      "integrity": "sha512-DqZFLjbuhVn99WJ+A9ajz9YON72RtCcvubzq6qfjFmtwAK7frvQeb6iDTp6Ze9FUipluxVZWVRG4vWTxi2B+/g==",
      "dependencies": {
        "@tsparticles/engine": "3.9.1"
      }
    },
    "node_modules/@tsparticles/shape-emoji": {
      "version": "3.9.1",
      "resolved": "https://registry.npmjs.org/@tsparticles/shape-emoji/-/shape-emoji-3.9.1.tgz",
      "integrity": "sha512-ifvY63usuT+hipgVHb8gelBHSeF6ryPnMxAAEC1RGHhhXfpSRWMtE6ybr+pSsYU52M3G9+TF84v91pSwNrb9ZQ==",
      "dependencies": {
        "@tsparticles/engine": "3.9.1"
      }
    },
    "node_modules/@tsparticles/shape-image": {
      "version": "3.9.1",
      "resolved": "https://registry.npmjs.org/@tsparticles/shape-image/-/shape-image-3.9.1.tgz",
      "integrity": "sha512-fCA5eme8VF3oX8yNVUA0l2SLDKuiZObkijb0z3Ky0qj1HUEVlAuEMhhNDNB9E2iELTrWEix9z7BFMePp2CC7AA==",
      "dependencies": {
        "@tsparticles/engine": "3.9.1"
      }
    },
    "node_modules/@tsparticles/shape-line": {
      "version": "3.9.1",
      "resolved": "https://registry.npmjs.org/@tsparticles/shape-line/-/shape-line-3.9.1.tgz",
      "integrity": "sha512-wT8NSp0N9HURyV05f371cHKcNTNqr0/cwUu6WhBzbshkYGy1KZUP9CpRIh5FCrBpTev34mEQfOXDycgfG0KiLQ==",
      "dependencies": {
        "@tsparticles/engine": "3.9.1"
      }
    },
    "node_modules/@tsparticles/shape-polygon": {
      "version": "3.9.1",
      "resolved": "https://registry.npmjs.org/@tsparticles/shape-polygon/-/shape-polygon-3.9.1.tgz",
      "integrity": "sha512-dA77PgZdoLwxnliH6XQM/zF0r4jhT01pw5y7XTeTqws++hg4rTLV9255k6R6eUqKq0FPSW1/WBsBIl7q/MmrqQ==",
      "dependencies": {
        "@tsparticles/engine": "3.9.1"
      }
    },
    "node_modules/@tsparticles/shape-square": {
      "version": "3.9.1",
      "resolved": "https://registry.npmjs.org/@tsparticles/shape-square/-/shape-square-3.9.1.tgz",
      "integrity": "sha512-DKGkDnRyZrAm7T2ipqNezJahSWs6xd9O5LQLe5vjrYm1qGwrFxJiQaAdlb00UNrexz1/SA7bEoIg4XKaFa7qhQ==",
      "dependencies": {
        "@tsparticles/engine": "3.9.1"
      }
    },
    "node_modules/@tsparticles/shape-star": {
      "version": "3.9.1",
      "resolved": "https://registry.npmjs.org/@tsparticles/shape-star/-/shape-star-3.9.1.tgz",
      "integrity": "sha512-kdMJpi8cdeb6vGrZVSxTG0JIjCwIenggqk0EYeKAwtOGZFBgL7eHhF2F6uu1oq8cJAbXPujEoabnLsz6mW8XaA==",
      "dependencies": {
        "@tsparticles/engine": "3.9.1"
      }
    },
    "node_modules/@tsparticles/shape-text": {
      "version": "3.9.1",
      "resolved": "https://registry.npmjs.org/@tsparticles/shape-text/-/shape-text-3.9.1.tgz",
      "integrity": "sha512-oNsLHI0lGkIXoUw3W598iwd7dtoHCDrwpwJRGnQzgfk6T5a9dCpSD5vDeQN89lr3BUbVui4lhxq+/TyC64oAqA==",
      "dependencies": {
        "@tsparticles/engine": "3.9.1"
      }
    },
    "node_modules/@tsparticles/slim": {
      "version": "3.9.1",
      "resolved": "https://registry.npmjs.org/@tsparticles/slim/-/slim-3.9.1.tgz",
      "integrity": "sha512-CL5cDmADU7sDjRli0So+hY61VMbdroqbArmR9Av+c1Fisa5ytr6QD7Jv62iwU2S6rvgicEe9OyRmSy5GIefwZw==",
      "funding": [
        {
          "type": "github",
          "url": "https://github.com/sponsors/matteobruni"
        },
        {
          "type": "github",
          "url": "https://github.com/sponsors/tsparticles"
        },
        {
          "type": "buymeacoffee",
          "url": "https://www.buymeacoffee.com/matteobruni"
        }
      ],
      "dependencies": {
        "@tsparticles/basic": "3.9.1",
        "@tsparticles/engine": "3.9.1",
        "@tsparticles/interaction-external-attract": "3.9.1",
        "@tsparticles/interaction-external-bounce": "3.9.1",
        "@tsparticles/interaction-external-bubble": "3.9.1",
        "@tsparticles/interaction-external-connect": "3.9.1",
        "@tsparticles/interaction-external-grab": "3.9.1",
        "@tsparticles/interaction-external-pause": "3.9.1",
        "@tsparticles/interaction-external-push": "3.9.1",
        "@tsparticles/interaction-external-remove": "3.9.1",
        "@tsparticles/interaction-external-repulse": "3.9.1",
        "@tsparticles/interaction-external-slow": "3.9.1",
        "@tsparticles/interaction-particles-attract": "3.9.1",
        "@tsparticles/interaction-particles-collisions": "3.9.1",
        "@tsparticles/interaction-particles-links": "3.9.1",
        "@tsparticles/move-parallax": "3.9.1",
        "@tsparticles/plugin-easing-quad": "3.9.1",
        "@tsparticles/shape-emoji": "3.9.1",
        "@tsparticles/shape-image": "3.9.1",
        "@tsparticles/shape-line": "3.9.1",
        "@tsparticles/shape-polygon": "3.9.1",
        "@tsparticles/shape-square": "3.9.1",
        "@tsparticles/shape-star": "3.9.1",
        "@tsparticles/updater-life": "3.9.1",
        "@tsparticles/updater-rotate": "3.9.1",
        "@tsparticles/updater-stroke-color": "3.9.1"
      }
    },
    "node_modules/@tsparticles/updater-color": {
      "version": "3.9.1",
      "resolved": "https://registry.npmjs.org/@tsparticles/updater-color/-/updater-color-3.9.1.tgz",
      "integrity": "sha512-XGWdscrgEMA8L5E7exsE0f8/2zHKIqnTrZymcyuFBw2DCB6BIV+5z6qaNStpxrhq3DbIxxhqqcybqeOo7+Alpg==",
      "dependencies": {
        "@tsparticles/engine": "3.9.1"
      }
    },
    "node_modules/@tsparticles/updater-destroy": {
      "version": "3.9.1",
      "resolved": "https://registry.npmjs.org/@tsparticles/updater-destroy/-/updater-destroy-3.9.1.tgz",
      "integrity": "sha512-MjMzEhZwCQIbxO6ZRM0eXsHVwmlXuUqwC43WCPZCpjhK3AJrMu3KR4xsJieFTWIbVNguAvbgoTB10FfJOUU5VA==",
      "dependencies": {
        "@tsparticles/engine": "3.9.1"
      }
    },
    "node_modules/@tsparticles/updater-life": {
      "version": "3.9.1",
      "resolved": "https://registry.npmjs.org/@tsparticles/updater-life/-/updater-life-3.9.1.tgz",
      "integrity": "sha512-Oi8aF2RIwMMsjssUkCB6t3PRpENHjdZf6cX92WNfAuqXtQphr3OMAkYFJFWkvyPFK22AVy3p/cFt6KE5zXxwAA==",
      "dependencies": {
        "@tsparticles/engine": "3.9.1"
      }
    },
    "node_modules/@tsparticles/updater-opacity": {
      "version": "3.9.1",
      "resolved": "https://registry.npmjs.org/@tsparticles/updater-opacity/-/updater-opacity-3.9.1.tgz",
      "integrity": "sha512-w778LQuRZJ+IoWzeRdrGykPYSSaTeWfBvLZ2XwYEkh/Ss961InOxZKIpcS6i5Kp/Zfw0fS1ZAuqeHwuj///Osw==",
      "dependencies": {
        "@tsparticles/engine": "3.9.1"
      }
    },
    "node_modules/@tsparticles/updater-out-modes": {
      "version": "3.9.1",
      "resolved": "https://registry.npmjs.org/@tsparticles/updater-out-modes/-/updater-out-modes-3.9.1.tgz",
      "integrity": "sha512-cKQEkAwbru+hhKF+GTsfbOvuBbx2DSB25CxOdhtW2wRvDBoCnngNdLw91rs+0Cex4tgEeibkebrIKFDDE6kELg==",
      "dependencies": {
        "@tsparticles/engine": "3.9.1"
      }
    },
    "node_modules/@tsparticles/updater-roll": {
      "version": "3.9.1",
      "resolved": "https://registry.npmjs.org/@tsparticles/updater-roll/-/updater-roll-3.9.1.tgz",
      "integrity": "sha512-zl4JeM3gUBJ0uttmIsond3lrZ3f3AkItFeS0Lhj/7jiCKfUoRyyOMrcBk8R1AhW7lI+7ko1iBs3jhO0jnxz9vg==",
      "dependencies": {
        "@tsparticles/engine": "3.9.1"
      }
    },
    "node_modules/@tsparticles/updater-rotate": {
      "version": "3.9.1",
      "resolved": "https://registry.npmjs.org/@tsparticles/updater-rotate/-/updater-rotate-3.9.1.tgz",
      "integrity": "sha512-9BfKaGfp28JN82MF2qs6Ae/lJr9EColMfMTHqSKljblwbpVDHte4umuwKl3VjbRt87WD9MGtla66NTUYl+WxuQ==",
      "dependencies": {
        "@tsparticles/engine": "3.9.1"
      }
    },
    "node_modules/@tsparticles/updater-size": {
      "version": "3.9.1",
      "resolved": "https://registry.npmjs.org/@tsparticles/updater-size/-/updater-size-3.9.1.tgz",
      "integrity": "sha512-3NSVs0O2ApNKZXfd+y/zNhTXSFeG1Pw4peI8e6z/q5+XLbmue9oiEwoPy/tQLaark3oNj3JU7Q903ZijPyXSzw==",
      "dependencies": {
        "@tsparticles/engine": "3.9.1"
      }
    },
    "node_modules/@tsparticles/updater-stroke-color": {
      "version": "3.9.1",
      "resolved": "https://registry.npmjs.org/@tsparticles/updater-stroke-color/-/updater-stroke-color-3.9.1.tgz",
      "integrity": "sha512-3x14+C2is9pZYTg9T2TiA/aM1YMq4wLdYaZDcHm3qO30DZu5oeQq0rm/6w+QOGKYY1Z3Htg9rlSUZkhTHn7eDA==",
      "dependencies": {
        "@tsparticles/engine": "3.9.1"
      }
    },
    "node_modules/@tsparticles/updater-tilt": {
      "version": "3.9.1",
      "resolved": "https://registry.npmjs.org/@tsparticles/updater-tilt/-/updater-tilt-3.9.1.tgz",
      "integrity": "sha512-PB2yaoyXRmSk4iIVgjtRrzOxXMK9mjeAQHIJGtT4faq46Z8cbIIEFgjTwqrUV8qOrNg/h4sm5NE/s0qsTYjp1Q==",
      "dependencies": {
        "@tsparticles/engine": "3.9.1"
      }
    },
    "node_modules/@tsparticles/updater-twinkle": {
      "version": "3.9.1",
      "resolved": "https://registry.npmjs.org/@tsparticles/updater-twinkle/-/updater-twinkle-3.9.1.tgz",
      "integrity": "sha512-xgTcYr6LmP44IPIBeQmEExN2Y5Nfl3ikmC08eOh5nZy/ta6ORP+JTsprrnfuv/O2DwTyoqFLkZ16hZfkdc1yOQ==",
      "dependencies": {
        "@tsparticles/engine": "3.9.1"
      }
    },
    "node_modules/@tsparticles/updater-wobble": {
      "version": "3.9.1",
      "resolved": "https://registry.npmjs.org/@tsparticles/updater-wobble/-/updater-wobble-3.9.1.tgz",
      "integrity": "sha512-c99Ogy9q4QWO+zsDXol0UnpUwZiY2UucFb8ltuDv9AlbGUeprygoub8jhgT5pEDv+GdzWOJGSgq7rfgv9cHBrg==",
      "dependencies": {
        "@tsparticles/engine": "3.9.1"
      }
    },
    "node_modules/framer-motion": {
      "version": "12.23.12",
      "resolved": "https://registry.npmjs.org/framer-motion/-/framer-motion-12.23.12.tgz",
      "integrity": "sha512-6e78rdVtnBvlEVgu6eFEAgG9v3wLnYEboM8I5O5EXvfKC8gxGQB8wXJdhkMy10iVcn05jl6CNw7/HTsTCfwcWg==",
      "dependencies": {
        "motion-dom": "^12.23.12",
        "motion-utils": "^12.23.6",
        "tslib": "^2.4.0"
      },
      "peerDependencies": {
        "@emotion/is-prop-valid": "*",
        "react": "^18.0.0 || ^19.0.0",
        "react-dom": "^18.0.0 || ^19.0.0"
      },
      "peerDependenciesMeta": {
        "@emotion/is-prop-valid": {
          "optional": true
        },
        "react": {
          "optional": true
        },
        "react-dom": {
          "optional": true
        }
      }
    },
    "node_modules/motion-dom": {
      "version": "12.23.12",
      "resolved": "https://registry.npmjs.org/motion-dom/-/motion-dom-12.23.12.tgz",
      "integrity": "sha512-RcR4fvMCTESQBD/uKQe49D5RUeDOokkGRmz4ceaJKDBgHYtZtntC/s2vLvY38gqGaytinij/yi3hMcWVcEF5Kw==",
      "dependencies": {
        "motion-utils": "^12.23.6"
      }
    },
    "node_modules/motion-utils": {
      "version": "12.23.6",
      "resolved": "https://registry.npmjs.org/motion-utils/-/motion-utils-12.23.6.tgz",
      "integrity": "sha512-eAWoPgr4eFEOFfg2WjIsMoqJTW6Z8MTUCgn/GZ3VRpClWBdnbjryiA3ZSNLyxCTmCQx4RmYX6jX1iWHbenUPNQ=="
    },
    "node_modules/react-simple-typewriter": {
      "version": "5.0.1",
      "resolved": "https://registry.npmjs.org/react-simple-typewriter/-/react-simple-typewriter-5.0.1.tgz",
      "integrity": "sha512-vA5HkABwJKL/DJ4RshSlY/igdr+FiVY4MLsSQYJX6FZG/f1/VwN4y1i3mPXRyfaswrvI8xii1kOVe1dYtO2Row==",
      "engines": {
        "node": ">=14"
      },
      "peerDependencies": {
        "react": ">=18.0.0",
        "react-dom": ">=18.0.0"
      }
    },
    "node_modules/react-tsparticles": {
      "version": "2.12.2",
      "resolved": "https://registry.npmjs.org/react-tsparticles/-/react-tsparticles-2.12.2.tgz",
      "integrity": "sha512-/nrEbyL8UROXKIMXe+f+LZN2ckvkwV2Qa+GGe/H26oEIc+wq/ybSG9REDwQiSt2OaDQGu0MwmA4BKmkL6wAWcA==",
      "deprecated": "@tsparticles/react is the new version, please use that",
      "funding": [
        {
          "type": "github",
          "url": "https://github.com/sponsors/matteobruni"
        },
        {
          "type": "github",
          "url": "https://github.com/sponsors/tsparticles"
        },
        {
          "type": "buymeacoffee",
          "url": "https://www.buymeacoffee.com/matteobruni"
        }
      ],
      "hasInstallScript": true,
      "dependencies": {
        "tsparticles-engine": "^2.12.0"
      },
      "peerDependencies": {
        "react": ">=16"
      }
    },
    "node_modules/react-typed": {
      "version": "2.0.12",
      "resolved": "https://registry.npmjs.org/react-typed/-/react-typed-2.0.12.tgz",
      "integrity": "sha512-sn59lrb4NKgvQLDGBRWM4wRNEz5Fp37F0BrLA2cKUmDqPSyQJOOiFigz+6wJof0o99QoE16nVCa3B3ID34ejsg==",
      "dependencies": {
        "typed.js": "^2.1.0"
      },
      "peerDependencies": {
        "react": ">16.8.0"
      }
    },
    "node_modules/tslib": {
      "version": "2.8.1",
      "resolved": "https://registry.npmjs.org/tslib/-/tslib-2.8.1.tgz",
      "integrity": "sha512-oJFu94HQb+KVduSUQL7wnpmqnfmLsOA/nAh6b6EH0wCEoK0/mPeXU6c3wKDV83MkOuHPRHtSXKKU99IBazS/2w=="
    },
    "node_modules/tsparticles": {
      "version": "3.9.1",
      "resolved": "https://registry.npmjs.org/tsparticles/-/tsparticles-3.9.1.tgz",
      "integrity": "sha512-Y780IGSL4qjkZj7+fI92PV/cziHqLR/s6nnYri4K6vH3NQRmDK5D6pfskDO8T4Y96ChCWHY3uxPtOb/hKQ83Qg==",
      "funding": [
        {
          "type": "github",
          "url": "https://github.com/sponsors/matteobruni"
        },
        {
          "type": "github",
          "url": "https://github.com/sponsors/tsparticles"
        },
        {
          "type": "buymeacoffee",
          "url": "https://www.buymeacoffee.com/matteobruni"
        }
      ],
      "dependencies": {
        "@tsparticles/engine": "3.9.1",
        "@tsparticles/interaction-external-trail": "3.9.1",
        "@tsparticles/plugin-absorbers": "3.9.1",
        "@tsparticles/plugin-emitters": "3.9.1",
        "@tsparticles/plugin-emitters-shape-circle": "3.9.1",
        "@tsparticles/plugin-emitters-shape-square": "3.9.1",
        "@tsparticles/shape-text": "3.9.1",
        "@tsparticles/slim": "3.9.1",
        "@tsparticles/updater-destroy": "3.9.1",
        "@tsparticles/updater-roll": "3.9.1",
        "@tsparticles/updater-tilt": "3.9.1",
        "@tsparticles/updater-twinkle": "3.9.1",
        "@tsparticles/updater-wobble": "3.9.1"
      }
    },
    "node_modules/tsparticles-engine": {
      "version": "2.12.0",
      "resolved": "https://registry.npmjs.org/tsparticles-engine/-/tsparticles-engine-2.12.0.tgz",
      "integrity": "sha512-ZjDIYex6jBJ4iMc9+z0uPe7SgBnmb6l+EJm83MPIsOny9lPpetMsnw/8YJ3xdxn8hV+S3myTpTN1CkOVmFv0QQ==",
      "deprecated": "starting from tsparticles v3 the packages are now moved to @tsparticles/package-name instead of tsparticles-package-name",
      "funding": [
        {
          "type": "github",
          "url": "https://github.com/sponsors/matteobruni"
        },
        {
          "type": "github",
          "url": "https://github.com/sponsors/tsparticles"
        },
        {
          "type": "buymeacoffee",
          "url": "https://www.buymeacoffee.com/matteobruni"
        }
      ],
      "hasInstallScript": true
    },
    "node_modules/typed.js": {
      "version": "2.1.0",
      "resolved": "https://registry.npmjs.org/typed.js/-/typed.js-2.1.0.tgz",
      "integrity": "sha512-bDuXEf7YcaKN4g08NMTUM6G90XU25CK3bh6U0THC/Mod/QPKlEt9g/EjvbYB8x2Qwr2p6J6I3NrsoYaVnY6wsQ=="
    }
  }
}
